
Microsoft Visual Studio Solution File, Format Version 12.00
# Visual Studio Version 17
VisualStudioVersion = 17.10.34928.147
MinimumVisualStudioVersion = 10.0.40219.1
Project("{FAE04EC0-301F-11D3-BF4B-00C04F79EFBC}") = "test", "test\test.csproj", "{F4020CF9-75CF-4740-9644-005D1A9131AB}"
EndProject
Global
	GlobalSection(SolutionConfigurationPlatforms) = preSolution
		Debug|Any CPU = Debug|Any CPU
		Release|Any CPU = Release|Any CPU
	EndGlobalSection
	GlobalSection(ProjectConfigurationPlatforms) = postSolution
		{F4020CF9-75CF-4740-9644-005D1A9131AB}.Debug|Any CPU.ActiveCfg = Debug|Any CPU
		{F4020CF9-75CF-4740-9644-005D1A9131AB}.Debug|Any CPU.Build.0 = Debug|Any CPU
		{F4020CF9-75CF-4740-9644-005D1A9131AB}.Release|Any CPU.ActiveCfg = Release|Any CPU
		{F4020CF9-75CF-4740-9644-005D1A9131AB}.Release|Any CPU.Build.0 = Release|Any CPU
	EndGlobalSection
	GlobalSection(SolutionProperties) = preSolution
		HideSolutionNode = FALSE
	EndGlobalSection
	GlobalSection(ExtensibilityGlobals) = postSolution
		SolutionGuid = {AB0294DA-543C-41A9-BF10-C442E4BFF960}
	EndGlobalSection
EndGlobal
